// !$*UTF8*$!
{
	archiveVersion = 1;
	classes = {
	};
	objectVersion = 56;
	objects = {

/* Begin PBXBuildFile section */
		2754F08029D975E300C03FFD /* Netflix.xcdatamodeld in Sources */ = {isa = PBXBuildFile; fileRef = 2754F07E29D975E300C03FFD /* Netflix.xcdatamodeld */; };
		27BD364E29D4565500A548E6 /* AppDelegate.swift in Sources */ = {isa = PBXBuildFile; fileRef = 27BD364D29D4565500A548E6 /* AppDelegate.swift */; };
		27BD365029D4565500A548E6 /* SceneDelegate.swift in Sources */ = {isa = PBXBuildFile; fileRef = 27BD364F29D4565500A548E6 /* SceneDelegate.swift */; };
		27BD365729D4565700A548E6 /* Assets.xcassets in Resources */ = {isa = PBXBuildFile; fileRef = 27BD365629D4565700A548E6 /* Assets.xcassets */; };
		27BD365A29D4565700A548E6 /* LaunchScreen.storyboard in Resources */ = {isa = PBXBuildFile; fileRef = 27BD365829D4565700A548E6 /* LaunchScreen.storyboard */; };
		E8100B932BD45D0D00F60149 /* Store.swift in Sources */ = {isa = PBXBuildFile; fileRef = E8100B922BD45D0D00F60149 /* Store.swift */; };
		E88DC6D22BD566B20019FC89 /* HomeViewController.swift in Sources */ = {isa = PBXBuildFile; fileRef = E88DC6D12BD566B20019FC89 /* HomeViewController.swift */; };
		E88DC6D62BD568870019FC89 /* HomeStore.swift in Sources */ = {isa = PBXBuildFile; fileRef = E88DC6D52BD568870019FC89 /* HomeStore.swift */; };
		E88DC6D92BD56B9F0019FC89 /* BaseViewController.swift in Sources */ = {isa = PBXBuildFile; fileRef = E88DC6D82BD56B9F0019FC89 /* BaseViewController.swift */; };
		E88DC6DB2BD56E2F0019FC89 /* HomeUseCase.swift in Sources */ = {isa = PBXBuildFile; fileRef = E88DC6DA2BD56E2F0019FC89 /* HomeUseCase.swift */; };
		E88DC6DD2BD56ED80019FC89 /* HomeService.swift in Sources */ = {isa = PBXBuildFile; fileRef = E88DC6DC2BD56ED80019FC89 /* HomeService.swift */; };
		E88DC6E02BD57CD70019FC89 /* Movie.swift in Sources */ = {isa = PBXBuildFile; fileRef = E88DC6DF2BD57CD70019FC89 /* Movie.swift */; };
		E88DC6E22BD57EDF0019FC89 /* Movies.json in Resources */ = {isa = PBXBuildFile; fileRef = E88DC6E12BD57EDF0019FC89 /* Movies.json */; };
		E88DC6E42BD57F3F0019FC89 /* Bundle+Decoder.swift in Sources */ = {isa = PBXBuildFile; fileRef = E88DC6E32BD57F3F0019FC89 /* Bundle+Decoder.swift */; };
		E89C433C2BD8DB040011CD89 /* MainTabBarController.swift in Sources */ = {isa = PBXBuildFile; fileRef = E89C433B2BD8DB040011CD89 /* MainTabBarController.swift */; };
		E8AC93412BD6499B0003C470 /* 01.png in Resources */ = {isa = PBXBuildFile; fileRef = E8AC93402BD6499B0003C470 /* 01.png */; };
		E8AC93432BD660DF0003C470 /* SelfConfiguringMovieCell.swift in Sources */ = {isa = PBXBuildFile; fileRef = E8AC93422BD660DF0003C470 /* SelfConfiguringMovieCell.swift */; };
		E8AC93452BD661E50003C470 /* BaseCollectionViewCell.swift in Sources */ = {isa = PBXBuildFile; fileRef = E8AC93442BD661E50003C470 /* BaseCollectionViewCell.swift */; };
		E8AC93472BD662320003C470 /* HomeHeroCell.swift in Sources */ = {isa = PBXBuildFile; fileRef = E8AC93462BD662320003C470 /* HomeHeroCell.swift */; };
		E8AC93492BD666820003C470 /* FileStorage.swift in Sources */ = {isa = PBXBuildFile; fileRef = E8AC93482BD666820003C470 /* FileStorage.swift */; };
		E8AC934B2BD677BA0003C470 /* 02.png in Resources */ = {isa = PBXBuildFile; fileRef = E8AC934A2BD677BA0003C470 /* 02.png */; };
		E8AC934D2BD686280003C470 /* HomeMovieCell.swift in Sources */ = {isa = PBXBuildFile; fileRef = E8AC934C2BD686280003C470 /* HomeMovieCell.swift */; };
		E8AC934F2BD68C740003C470 /* BaseCollectionReusableView.swift in Sources */ = {isa = PBXBuildFile; fileRef = E8AC934E2BD68C740003C470 /* BaseCollectionReusableView.swift */; };
		E8AC93512BD68CC30003C470 /* HomeSectionHeader.swift in Sources */ = {isa = PBXBuildFile; fileRef = E8AC93502BD68CC30003C470 /* HomeSectionHeader.swift */; };
/* End PBXBuildFile section */

/* Begin PBXFileReference section */
		2754F07F29D975E300C03FFD /* Netflix.xcdatamodel */ = {isa = PBXFileReference; lastKnownFileType = wrapper.xcdatamodel; path = Netflix.xcdatamodel; sourceTree = "<group>"; };
		27BD364A29D4565500A548E6 /* Netflix.app */ = {isa = PBXFileReference; explicitFileType = wrapper.application; includeInIndex = 0; path = Netflix.app; sourceTree = BUILT_PRODUCTS_DIR; };
		27BD364D29D4565500A548E6 /* AppDelegate.swift */ = {isa = PBXFileReference; lastKnownFileType = sourcecode.swift; path = AppDelegate.swift; sourceTree = "<group>"; };
		27BD364F29D4565500A548E6 /* SceneDelegate.swift */ = {isa = PBXFileReference; lastKnownFileType = sourcecode.swift; path = SceneDelegate.swift; sourceTree = "<group>"; };
		27BD365629D4565700A548E6 /* Assets.xcassets */ = {isa = PBXFileReference; lastKnownFileType = folder.assetcatalog; path = Assets.xcassets; sourceTree = "<group>"; };
		27BD365929D4565700A548E6 /* Base */ = {isa = PBXFileReference; lastKnownFileType = file.storyboard; name = Base; path = Base.lproj/LaunchScreen.storyboard; sourceTree = "<group>"; };
		27BD365B29D4565700A548E6 /* Info.plist */ = {isa = PBXFileReference; lastKnownFileType = text.plist.xml; path = Info.plist; sourceTree = "<group>"; };
		27BD366129D458E300A548E6 /* README.md */ = {isa = PBXFileReference; lastKnownFileType = net.daringfireball.markdown; path = README.md; sourceTree = "<group>"; };
		E8100B922BD45D0D00F60149 /* Store.swift */ = {isa = PBXFileReference; lastKnownFileType = sourcecode.swift; path = Store.swift; sourceTree = "<group>"; };
		E88DC6D12BD566B20019FC89 /* HomeViewController.swift */ = {isa = PBXFileReference; lastKnownFileType = sourcecode.swift; path = HomeViewController.swift; sourceTree = "<group>"; };
		E88DC6D42BD567580019FC89 /* 01.md */ = {isa = PBXFileReference; lastKnownFileType = net.daringfireball.markdown; path = 01.md; sourceTree = "<group>"; };
		E88DC6D52BD568870019FC89 /* HomeStore.swift */ = {isa = PBXFileReference; lastKnownFileType = sourcecode.swift; path = HomeStore.swift; sourceTree = "<group>"; };
		E88DC6D82BD56B9F0019FC89 /* BaseViewController.swift */ = {isa = PBXFileReference; lastKnownFileType = sourcecode.swift; path = BaseViewController.swift; sourceTree = "<group>"; };
		E88DC6DA2BD56E2F0019FC89 /* HomeUseCase.swift */ = {isa = PBXFileReference; lastKnownFileType = sourcecode.swift; path = HomeUseCase.swift; sourceTree = "<group>"; };
		E88DC6DC2BD56ED80019FC89 /* HomeService.swift */ = {isa = PBXFileReference; lastKnownFileType = sourcecode.swift; path = HomeService.swift; sourceTree = "<group>"; };
		E88DC6DF2BD57CD70019FC89 /* Movie.swift */ = {isa = PBXFileReference; lastKnownFileType = sourcecode.swift; path = Movie.swift; sourceTree = "<group>"; };
		E88DC6E12BD57EDF0019FC89 /* Movies.json */ = {isa = PBXFileReference; lastKnownFileType = text.json; path = Movies.json; sourceTree = "<group>"; };
		E88DC6E32BD57F3F0019FC89 /* Bundle+Decoder.swift */ = {isa = PBXFileReference; lastKnownFileType = sourcecode.swift; path = "Bundle+Decoder.swift"; sourceTree = "<group>"; };
		E89C433B2BD8DB040011CD89 /* MainTabBarController.swift */ = {isa = PBXFileReference; lastKnownFileType = sourcecode.swift; path = MainTabBarController.swift; sourceTree = "<group>"; };
		E8AC93402BD6499B0003C470 /* 01.png */ = {isa = PBXFileReference; lastKnownFileType = image.png; path = 01.png; sourceTree = "<group>"; };
		E8AC93422BD660DF0003C470 /* SelfConfiguringMovieCell.swift */ = {isa = PBXFileReference; lastKnownFileType = sourcecode.swift; path = SelfConfiguringMovieCell.swift; sourceTree = "<group>"; };
		E8AC93442BD661E50003C470 /* BaseCollectionViewCell.swift */ = {isa = PBXFileReference; lastKnownFileType = sourcecode.swift; path = BaseCollectionViewCell.swift; sourceTree = "<group>"; };
		E8AC93462BD662320003C470 /* HomeHeroCell.swift */ = {isa = PBXFileReference; lastKnownFileType = sourcecode.swift; path = HomeHeroCell.swift; sourceTree = "<group>"; };
		E8AC93482BD666820003C470 /* FileStorage.swift */ = {isa = PBXFileReference; lastKnownFileType = sourcecode.swift; path = FileStorage.swift; sourceTree = "<group>"; };
		E8AC934A2BD677BA0003C470 /* 02.png */ = {isa = PBXFileReference; lastKnownFileType = image.png; path = 02.png; sourceTree = "<group>"; };
		E8AC934C2BD686280003C470 /* HomeMovieCell.swift */ = {isa = PBXFileReference; lastKnownFileType = sourcecode.swift; path = HomeMovieCell.swift; sourceTree = "<group>"; };
		E8AC934E2BD68C740003C470 /* BaseCollectionReusableView.swift */ = {isa = PBXFileReference; lastKnownFileType = sourcecode.swift; path = BaseCollectionReusableView.swift; sourceTree = "<group>"; };
		E8AC93502BD68CC30003C470 /* HomeSectionHeader.swift */ = {isa = PBXFileReference; lastKnownFileType = sourcecode.swift; path = HomeSectionHeader.swift; sourceTree = "<group>"; };
/* End PBXFileReference section */

/* Begin PBXFrameworksBuildPhase section */
		27BD364729D4565500A548E6 /* Frameworks */ = {
			isa = PBXFrameworksBuildPhase;
			buildActionMask = 2147483647;
			files = (
			);
			runOnlyForDeploymentPostprocessing = 0;
		};
/* End PBXFrameworksBuildPhase section */

/* Begin PBXGroup section */
		27BD364129D4565500A548E6 = {
			isa = PBXGroup;
			children = (
				27BD366129D458E300A548E6 /* README.md */,
				E8AC933D2BD649200003C470 /* Docs */,
				27BD364C29D4565500A548E6 /* Netflix */,
				27BD364B29D4565500A548E6 /* Products */,
				27F7A67D29D850F20015DE1C /* Frameworks */,
			);
			sourceTree = "<group>";
		};
		27BD364B29D4565500A548E6 /* Products */ = {
			isa = PBXGroup;
			children = (
				27BD364A29D4565500A548E6 /* Netflix.app */,
			);
			name = Products;
			sourceTree = "<group>";
		};
		27BD364C29D4565500A548E6 /* Netflix */ = {
			isa = PBXGroup;
			children = (
				27BD367129D501D900A548E6 /* App */,
				E88DC6DE2BD57CCD0019FC89 /* Model */,
				E88DC6D02BD566960019FC89 /* Home */,
				27BD367029D501CE00A548E6 /* Supporting Files */,
			);
			path = Netflix;
			sourceTree = "<group>";
		};
		27BD367029D501CE00A548E6 /* Supporting Files */ = {
			isa = PBXGroup;
			children = (
				E8100B922BD45D0D00F60149 /* Store.swift */,
				E8AC93462BD662320003C470 /* HomeHeroCell.swift */,
				E8AC934C2BD686280003C470 /* HomeMovieCell.swift */,
				E8AC93502BD68CC30003C470 /* HomeSectionHeader.swift */,
				E88DC6D52BD568870019FC89 /* HomeStore.swift */,
				E88DC6D72BD56B8C0019FC89 /* Base */,
				E88DC6DC2BD56ED80019FC89 /* HomeService.swift */,
				E88DC6DA2BD56E2F0019FC89 /* HomeUseCase.swift */,
				27BD365629D4565700A548E6 /* Assets.xcassets */,
				27BD365829D4565700A548E6 /* LaunchScreen.storyboard */,
				27BD365B29D4565700A548E6 /* Info.plist */,
				2754F07E29D975E300C03FFD /* Netflix.xcdatamodeld */,
				E88DC6E12BD57EDF0019FC89 /* Movies.json */,
				E8AC93482BD666820003C470 /* FileStorage.swift */,
				E8AC93422BD660DF0003C470 /* SelfConfiguringMovieCell.swift */,
				E88DC6E32BD57F3F0019FC89 /* Bundle+Decoder.swift */,
			);
			name = "Supporting Files";
			sourceTree = "<group>";
		};
		27BD367129D501D900A548E6 /* App */ = {
			isa = PBXGroup;
			children = (
				27BD364D29D4565500A548E6 /* AppDelegate.swift */,
				27BD364F29D4565500A548E6 /* SceneDelegate.swift */,
				E89C433B2BD8DB040011CD89 /* MainTabBarController.swift */,
			);
			path = App;
			sourceTree = "<group>";
		};
		27F7A67D29D850F20015DE1C /* Frameworks */ = {
			isa = PBXGroup;
			children = (
			);
			name = Frameworks;
			sourceTree = "<group>";
		};
		E88DC6D02BD566960019FC89 /* Home */ = {
			isa = PBXGroup;
			children = (
				E88DC6D12BD566B20019FC89 /* HomeViewController.swift */,
			);
			path = Home;
			sourceTree = "<group>";
		};
		E88DC6D72BD56B8C0019FC89 /* Base */ = {
			isa = PBXGroup;
			children = (
				E88DC6D82BD56B9F0019FC89 /* BaseViewController.swift */,
				E8AC93442BD661E50003C470 /* BaseCollectionViewCell.swift */,
				E8AC934E2BD68C740003C470 /* BaseCollectionReusableView.swift */,
			);
			path = Base;
			sourceTree = "<group>";
		};
		E88DC6DE2BD57CCD0019FC89 /* Model */ = {
			isa = PBXGroup;
			children = (
				E88DC6DF2BD57CD70019FC89 /* Movie.swift */,
			);
			path = Model;
			sourceTree = "<group>";
		};
		E8AC933D2BD649200003C470 /* Docs */ = {
			isa = PBXGroup;
			children = (
				E8AC933F2BD649400003C470 /* img */,
				E8AC933E2BD649320003C470 /* 01 */,
			);
			path = Docs;
			sourceTree = "<group>";
		};
		E8AC933E2BD649320003C470 /* 01 */ = {
			isa = PBXGroup;
			children = (
				E88DC6D42BD567580019FC89 /* 01.md */,
			);
			path = 01;
			sourceTree = "<group>";
		};
		E8AC933F2BD649400003C470 /* img */ = {
			isa = PBXGroup;
			children = (
				E8AC93402BD6499B0003C470 /* 01.png */,
				E8AC934A2BD677BA0003C470 /* 02.png */,
			);
			path = img;
			sourceTree = "<group>";
		};
/* End PBXGroup section */

/* Begin PBXNativeTarget section */
		27BD364929D4565500A548E6 /* Netflix */ = {
			isa = PBXNativeTarget;
			buildConfigurationList = 27BD365E29D4565700A548E6 /* Build configuration list for PBXNativeTarget "Netflix" */;
			buildPhases = (
				27BD364629D4565500A548E6 /* Sources */,
				27BD364729D4565500A548E6 /* Frameworks */,
				27BD364829D4565500A548E6 /* Resources */,
			);
			buildRules = (
			);
			dependencies = (
			);
			name = Netflix;
			packageProductDependencies = (
			);
			productName = Netflix;
			productReference = 27BD364A29D4565500A548E6 /* Netflix.app */;
			productType = "com.apple.product-type.application";
		};
/* End PBXNativeTarget section */

/* Begin PBXProject section */
		27BD364229D4565500A548E6 /* Project object */ = {
			isa = PBXProject;
			attributes = {
				BuildIndependentTargetsInParallel = 1;
				LastSwiftUpdateCheck = 1420;
				LastUpgradeCheck = 1530;
				TargetAttributes = {
					27BD364929D4565500A548E6 = {
						CreatedOnToolsVersion = 14.2;
					};
				};
			};
			buildConfigurationList = 27BD364529D4565500A548E6 /* Build configuration list for PBXProject "Netflix" */;
			compatibilityVersion = "Xcode 14.0";
			developmentRegion = en;
			hasScannedForEncodings = 0;
			knownRegions = (
				en,
				Base,
			);
			mainGroup = 27BD364129D4565500A548E6;
			packageReferences = (
			);
			productRefGroup = 27BD364B29D4565500A548E6 /* Products */;
			projectDirPath = "";
			projectRoot = "";
			targets = (
				27BD364929D4565500A548E6 /* Netflix */,
			);
		};
/* End PBXProject section */

/* Begin PBXResourcesBuildPhase section */
		27BD364829D4565500A548E6 /* Resources */ = {
			isa = PBXResourcesBuildPhase;
			buildActionMask = 2147483647;
			files = (
				E8AC934B2BD677BA0003C470 /* 02.png in Resources */,
				27BD365A29D4565700A548E6 /* LaunchScreen.storyboard in Resources */,
				E8AC93412BD6499B0003C470 /* 01.png in Resources */,
				27BD365729D4565700A548E6 /* Assets.xcassets in Resources */,
				E88DC6E22BD57EDF0019FC89 /* Movies.json in Resources */,
			);
			runOnlyForDeploymentPostprocessing = 0;
		};
/* End PBXResourcesBuildPhase section */

/* Begin PBXSourcesBuildPhase section */
		27BD364629D4565500A548E6 /* Sources */ = {
			isa = PBXSourcesBuildPhase;
			buildActionMask = 2147483647;
			files = (
				E8AC93512BD68CC30003C470 /* HomeSectionHeader.swift in Sources */,
				E88DC6D22BD566B20019FC89 /* HomeViewController.swift in Sources */,
				E89C433C2BD8DB040011CD89 /* MainTabBarController.swift in Sources */,
				E8AC93492BD666820003C470 /* FileStorage.swift in Sources */,
				E8AC93452BD661E50003C470 /* BaseCollectionViewCell.swift in Sources */,
				E8100B932BD45D0D00F60149 /* Store.swift in Sources */,
				E8AC93472BD662320003C470 /* HomeHeroCell.swift in Sources */,
				E88DC6E42BD57F3F0019FC89 /* Bundle+Decoder.swift in Sources */,
				E8AC93432BD660DF0003C470 /* SelfConfiguringMovieCell.swift in Sources */,
				27BD364E29D4565500A548E6 /* AppDelegate.swift in Sources */,
				27BD365029D4565500A548E6 /* SceneDelegate.swift in Sources */,
				E88DC6E02BD57CD70019FC89 /* Movie.swift in Sources */,
				E88DC6D62BD568870019FC89 /* HomeStore.swift in Sources */,
				E88DC6D92BD56B9F0019FC89 /* BaseViewController.swift in Sources */,
				E88DC6DD2BD56ED80019FC89 /* HomeService.swift in Sources */,
				E8AC934F2BD68C740003C470 /* BaseCollectionReusableView.swift in Sources */,
				E8AC934D2BD686280003C470 /* HomeMovieCell.swift in Sources */,
				E88DC6DB2BD56E2F0019FC89 /* HomeUseCase.swift in Sources */,
				2754F08029D975E300C03FFD /* Netflix.xcdatamodeld in Sources */,
			);
			runOnlyForDeploymentPostprocessing = 0;
		};
/* End PBXSourcesBuildPhase section */

/* Begin PBXVariantGroup section */
		27BD365829D4565700A548E6 /* LaunchScreen.storyboard */ = {
			isa = PBXVariantGroup;
			children = (
				27BD365929D4565700A548E6 /* Base */,
			);
			name = LaunchScreen.storyboard;
			sourceTree = "<group>";
		};
/* End PBXVariantGroup section */

/* Begin XCBuildConfiguration section */
		27BD365C29D4565700A548E6 /* Debug */ = {
			isa = XCBuildConfiguration;
			buildSettings = {
				ALWAYS_SEARCH_USER_PATHS = NO;
				ASSETCATALOG_COMPILER_GENERATE_SWIFT_ASSET_SYMBOL_EXTENSIONS = YES;
				CLANG_ANALYZER_NONNULL = YES;
				CLANG_ANALYZER_NUMBER_OBJECT_CONVERSION = YES_AGGRESSIVE;
				CLANG_CXX_LANGUAGE_STANDARD = "gnu++20";
				CLANG_ENABLE_MODULES = YES;
				CLANG_ENABLE_OBJC_ARC = YES;
				CLANG_ENABLE_OBJC_WEAK = YES;
				CLANG_WARN_BLOCK_CAPTURE_AUTORELEASING = YES;
				CLANG_WARN_BOOL_CONVERSION = YES;
				CLANG_WARN_COMMA = YES;
				CLANG_WARN_CONSTANT_CONVERSION = YES;
				CLANG_WARN_DEPRECATED_OBJC_IMPLEMENTATIONS = YES;
				CLANG_WARN_DIRECT_OBJC_ISA_USAGE = YES_ERROR;
				CLANG_WARN_DOCUMENTATION_COMMENTS = YES;
				CLANG_WARN_EMPTY_BODY = YES;
				CLANG_WARN_ENUM_CONVERSION = YES;
				CLANG_WARN_INFINITE_RECURSION = YES;
				CLANG_WARN_INT_CONVERSION = YES;
				CLANG_WARN_NON_LITERAL_NULL_CONVERSION = YES;
				CLANG_WARN_OBJC_IMPLICIT_RETAIN_SELF = YES;
				CLANG_WARN_OBJC_LITERAL_CONVERSION = YES;
				CLANG_WARN_OBJC_ROOT_CLASS = YES_ERROR;
				CLANG_WARN_QUOTED_INCLUDE_IN_FRAMEWORK_HEADER = YES;
				CLANG_WARN_RANGE_LOOP_ANALYSIS = YES;
				CLANG_WARN_STRICT_PROTOTYPES = YES;
				CLANG_WARN_SUSPICIOUS_MOVE = YES;
				CLANG_WARN_UNGUARDED_AVAILABILITY = YES_AGGRESSIVE;
				CLANG_WARN_UNREACHABLE_CODE = YES;
				CLANG_WARN__DUPLICATE_METHOD_MATCH = YES;
				COPY_PHASE_STRIP = NO;
				DEBUG_INFORMATION_FORMAT = dwarf;
				ENABLE_STRICT_OBJC_MSGSEND = YES;
				ENABLE_TESTABILITY = YES;
				ENABLE_USER_SCRIPT_SANDBOXING = YES;
				GCC_C_LANGUAGE_STANDARD = gnu11;
				GCC_DYNAMIC_NO_PIC = NO;
				GCC_NO_COMMON_BLOCKS = YES;
				GCC_OPTIMIZATION_LEVEL = 0;
				GCC_PREPROCESSOR_DEFINITIONS = (
					"DEBUG=1",
					"$(inherited)",
				);
				GCC_WARN_64_TO_32_BIT_CONVERSION = YES;
				GCC_WARN_ABOUT_RETURN_TYPE = YES_ERROR;
				GCC_WARN_UNDECLARED_SELECTOR = YES;
				GCC_WARN_UNINITIALIZED_AUTOS = YES_AGGRESSIVE;
				GCC_WARN_UNUSED_FUNCTION = YES;
				GCC_WARN_UNUSED_VARIABLE = YES;
				IPHONEOS_DEPLOYMENT_TARGET = 15.0;
				MTL_ENABLE_DEBUG_INFO = INCLUDE_SOURCE;
				MTL_FAST_MATH = YES;
				ONLY_ACTIVE_ARCH = YES;
				SDKROOT = iphoneos;
				SWIFT_ACTIVE_COMPILATION_CONDITIONS = DEBUG;
				SWIFT_OPTIMIZATION_LEVEL = "-Onone";
			};
			name = Debug;
		};
		27BD365D29D4565700A548E6 /* Release */ = {
			isa = XCBuildConfiguration;
			buildSettings = {
				ALWAYS_SEARCH_USER_PATHS = NO;
				ASSETCATALOG_COMPILER_GENERATE_SWIFT_ASSET_SYMBOL_EXTENSIONS = YES;
				CLANG_ANALYZER_NONNULL = YES;
				CLANG_ANALYZER_NUMBER_OBJECT_CONVERSION = YES_AGGRESSIVE;
				CLANG_CXX_LANGUAGE_STANDARD = "gnu++20";
				CLANG_ENABLE_MODULES = YES;
				CLANG_ENABLE_OBJC_ARC = YES;
				CLANG_ENABLE_OBJC_WEAK = YES;
				CLANG_WARN_BLOCK_CAPTURE_AUTORELEASING = YES;
				CLANG_WARN_BOOL_CONVERSION = YES;
				CLANG_WARN_COMMA = YES;
				CLANG_WARN_CONSTANT_CONVERSION = YES;
				CLANG_WARN_DEPRECATED_OBJC_IMPLEMENTATIONS = YES;
				CLANG_WARN_DIRECT_OBJC_ISA_USAGE = YES_ERROR;
				CLANG_WARN_DOCUMENTATION_COMMENTS = YES;
				CLANG_WARN_EMPTY_BODY = YES;
				CLANG_WARN_ENUM_CONVERSION = YES;
				CLANG_WARN_INFINITE_RECURSION = YES;
				CLANG_WARN_INT_CONVERSION = YES;
				CLANG_WARN_NON_LITERAL_NULL_CONVERSION = YES;
				CLANG_WARN_OBJC_IMPLICIT_RETAIN_SELF = YES;
				CLANG_WARN_OBJC_LITERAL_CONVERSION = YES;
				CLANG_WARN_OBJC_ROOT_CLASS = YES_ERROR;
				CLANG_WARN_QUOTED_INCLUDE_IN_FRAMEWORK_HEADER = YES;
				CLANG_WARN_RANGE_LOOP_ANALYSIS = YES;
				CLANG_WARN_STRICT_PROTOTYPES = YES;
				CLANG_WARN_SUSPICIOUS_MOVE = YES;
				CLANG_WARN_UNGUARDED_AVAILABILITY = YES_AGGRESSIVE;
				CLANG_WARN_UNREACHABLE_CODE = YES;
				CLANG_WARN__DUPLICATE_METHOD_MATCH = YES;
				COPY_PHASE_STRIP = NO;
				DEBUG_INFORMATION_FORMAT = "dwarf-with-dsym";
				ENABLE_NS_ASSERTIONS = NO;
				ENABLE_STRICT_OBJC_MSGSEND = YES;
				ENABLE_USER_SCRIPT_SANDBOXING = YES;
				GCC_C_LANGUAGE_STANDARD = gnu11;
				GCC_NO_COMMON_BLOCKS = YES;
				GCC_WARN_64_TO_32_BIT_CONVERSION = YES;
				GCC_WARN_ABOUT_RETURN_TYPE = YES_ERROR;
				GCC_WARN_UNDECLARED_SELECTOR = YES;
				GCC_WARN_UNINITIALIZED_AUTOS = YES_AGGRESSIVE;
				GCC_WARN_UNUSED_FUNCTION = YES;
				GCC_WARN_UNUSED_VARIABLE = YES;
				IPHONEOS_DEPLOYMENT_TARGET = 15.0;
				MTL_ENABLE_DEBUG_INFO = NO;
				MTL_FAST_MATH = YES;
				SDKROOT = iphoneos;
				SWIFT_COMPILATION_MODE = wholemodule;
				SWIFT_OPTIMIZATION_LEVEL = "-O";
				VALIDATE_PRODUCT = YES;
			};
			name = Release;
		};
		27BD365F29D4565700A548E6 /* Debug */ = {
			isa = XCBuildConfiguration;
			buildSettings = {
				ASSETCATALOG_COMPILER_APPICON_NAME = AppIcon;
				ASSETCATALOG_COMPILER_GLOBAL_ACCENT_COLOR_NAME = AccentColor;
				CODE_SIGN_STYLE = Automatic;
				CURRENT_PROJECT_VERSION = 1;
				DEVELOPMENT_TEAM = 723HTEFHBA;
				GENERATE_INFOPLIST_FILE = YES;
				INFOPLIST_FILE = Netflix/Info.plist;
				INFOPLIST_KEY_UIApplicationSupportsIndirectInputEvents = YES;
				INFOPLIST_KEY_UILaunchStoryboardName = LaunchScreen;
				INFOPLIST_KEY_UISupportedInterfaceOrientations_iPad = "UIInterfaceOrientationPortrait UIInterfaceOrientationPortraitUpsideDown UIInterfaceOrientationLandscapeLeft UIInterfaceOrientationLandscapeRight";
				INFOPLIST_KEY_UISupportedInterfaceOrientations_iPhone = "UIInterfaceOrientationPortrait UIInterfaceOrientationLandscapeLeft UIInterfaceOrientationLandscapeRight";
				IPHONEOS_DEPLOYMENT_TARGET = 15.0;
				LD_RUNPATH_SEARCH_PATHS = (
					"$(inherited)",
					"@executable_path/Frameworks",
				);
				MARKETING_VERSION = 0.1.1;
				PRODUCT_BUNDLE_IDENTIFIER = ru.fibeapp.Netflix;
				PRODUCT_NAME = "$(TARGET_NAME)";
				SWIFT_EMIT_LOC_STRINGS = YES;
				SWIFT_VERSION = 5.0;
				TARGETED_DEVICE_FAMILY = "1,2";
			};
			name = Debug;
		};
		27BD366029D4565700A548E6 /* Release */ = {
			isa = XCBuildConfiguration;
			buildSettings = {
				ASSETCATALOG_COMPILER_APPICON_NAME = AppIcon;
				ASSETCATALOG_COMPILER_GLOBAL_ACCENT_COLOR_NAME = AccentColor;
				CODE_SIGN_STYLE = Automatic;
				CURRENT_PROJECT_VERSION = 1;
				DEVELOPMENT_TEAM = 723HTEFHBA;
				GENERATE_INFOPLIST_FILE = YES;
				INFOPLIST_FILE = Netflix/Info.plist;
				INFOPLIST_KEY_UIApplicationSupportsIndirectInputEvents = YES;
				INFOPLIST_KEY_UILaunchStoryboardName = LaunchScreen;
				INFOPLIST_KEY_UISupportedInterfaceOrientations_iPad = "UIInterfaceOrientationPortrait UIInterfaceOrientationPortraitUpsideDown UIInterfaceOrientationLandscapeLeft UIInterfaceOrientationLandscapeRight";
				INFOPLIST_KEY_UISupportedInterfaceOrientations_iPhone = "UIInterfaceOrientationPortrait UIInterfaceOrientationLandscapeLeft UIInterfaceOrientationLandscapeRight";
				IPHONEOS_DEPLOYMENT_TARGET = 15.0;
				LD_RUNPATH_SEARCH_PATHS = (
					"$(inherited)",
					"@executable_path/Frameworks",
				);
				MARKETING_VERSION = 0.1.1;
				PRODUCT_BUNDLE_IDENTIFIER = ru.fibeapp.Netflix;
				PRODUCT_NAME = "$(TARGET_NAME)";
				SWIFT_EMIT_LOC_STRINGS = YES;
				SWIFT_VERSION = 5.0;
				TARGETED_DEVICE_FAMILY = "1,2";
			};
			name = Release;
		};
/* End XCBuildConfiguration section */

/* Begin XCConfigurationList section */
		27BD364529D4565500A548E6 /* Build configuration list for PBXProject "Netflix" */ = {
			isa = XCConfigurationList;
			buildConfigurations = (
				27BD365C29D4565700A548E6 /* Debug */,
				27BD365D29D4565700A548E6 /* Release */,
			);
			defaultConfigurationIsVisible = 0;
			defaultConfigurationName = Release;
		};
		27BD365E29D4565700A548E6 /* Build configuration list for PBXNativeTarget "Netflix" */ = {
			isa = XCConfigurationList;
			buildConfigurations = (
				27BD365F29D4565700A548E6 /* Debug */,
				27BD366029D4565700A548E6 /* Release */,
			);
			defaultConfigurationIsVisible = 0;
			defaultConfigurationName = Release;
		};
/* End XCConfigurationList section */

/* Begin XCVersionGroup section */
		2754F07E29D975E300C03FFD /* Netflix.xcdatamodeld */ = {
			isa = XCVersionGroup;
			children = (
				2754F07F29D975E300C03FFD /* Netflix.xcdatamodel */,
			);
			currentVersion = 2754F07F29D975E300C03FFD /* Netflix.xcdatamodel */;
			path = Netflix.xcdatamodeld;
			sourceTree = "<group>";
			versionGroupType = wrapper.xcdatamodel;
		};
/* End XCVersionGroup section */
	};
	rootObject = 27BD364229D4565500A548E6 /* Project object */;
}
