// !$*UTF8*$!
{
	archiveVersion = 1;
	classes = {
	};
	objectVersion = 56;
	objects = {

/* Begin PBXBuildFile section */
		27BD364E29D4565500A548E6 /* AppDelegate.swift in Sources */ = {isa = PBXBuildFile; fileRef = 27BD364D29D4565500A548E6 /* AppDelegate.swift */; };
		27BD365029D4565500A548E6 /* SceneDelegate.swift in Sources */ = {isa = PBXBuildFile; fileRef = 27BD364F29D4565500A548E6 /* SceneDelegate.swift */; };
		27BD365229D4565500A548E6 /* MainTabBarViewController.swift in Sources */ = {isa = PBXBuildFile; fileRef = 27BD365129D4565500A548E6 /* MainTabBarViewController.swift */; };
		27BD365729D4565700A548E6 /* Assets.xcassets in Resources */ = {isa = PBXBuildFile; fileRef = 27BD365629D4565700A548E6 /* Assets.xcassets */; };
		27BD365A29D4565700A548E6 /* LaunchScreen.storyboard in Resources */ = {isa = PBXBuildFile; fileRef = 27BD365829D4565700A548E6 /* LaunchScreen.storyboard */; };
		27BD366429D459BC00A548E6 /* HomeViewController.swift in Sources */ = {isa = PBXBuildFile; fileRef = 27BD366329D459BC00A548E6 /* HomeViewController.swift */; };
		27BD366629D459FA00A548E6 /* UpcomingViewController.swift in Sources */ = {isa = PBXBuildFile; fileRef = 27BD366529D459FA00A548E6 /* UpcomingViewController.swift */; };
		27BD366829D45A2700A548E6 /* SearchViewController.swift in Sources */ = {isa = PBXBuildFile; fileRef = 27BD366729D45A2700A548E6 /* SearchViewController.swift */; };
		27BD366C29D45B3200A548E6 /* DownloadsViewController.swift in Sources */ = {isa = PBXBuildFile; fileRef = 27BD366B29D45B3200A548E6 /* DownloadsViewController.swift */; };
		27BD366E29D47ED700A548E6 /* InlineConfigurable.swift in Sources */ = {isa = PBXBuildFile; fileRef = 27BD366D29D47ED600A548E6 /* InlineConfigurable.swift */; };
		27BD367829D502AB00A548E6 /* CollectionViewTableViewCell.swift in Sources */ = {isa = PBXBuildFile; fileRef = 27BD367729D502AB00A548E6 /* CollectionViewTableViewCell.swift */; };
		27BD367A29D508A000A548E6 /* HeroHeaderView.swift in Sources */ = {isa = PBXBuildFile; fileRef = 27BD367929D508A000A548E6 /* HeroHeaderView.swift */; };
/* End PBXBuildFile section */

/* Begin PBXFileReference section */
		27BD364A29D4565500A548E6 /* Netflix.app */ = {isa = PBXFileReference; explicitFileType = wrapper.application; includeInIndex = 0; path = Netflix.app; sourceTree = BUILT_PRODUCTS_DIR; };
		27BD364D29D4565500A548E6 /* AppDelegate.swift */ = {isa = PBXFileReference; lastKnownFileType = sourcecode.swift; path = AppDelegate.swift; sourceTree = "<group>"; };
		27BD364F29D4565500A548E6 /* SceneDelegate.swift */ = {isa = PBXFileReference; lastKnownFileType = sourcecode.swift; path = SceneDelegate.swift; sourceTree = "<group>"; };
		27BD365129D4565500A548E6 /* MainTabBarViewController.swift */ = {isa = PBXFileReference; lastKnownFileType = sourcecode.swift; path = MainTabBarViewController.swift; sourceTree = "<group>"; };
		27BD365629D4565700A548E6 /* Assets.xcassets */ = {isa = PBXFileReference; lastKnownFileType = folder.assetcatalog; path = Assets.xcassets; sourceTree = "<group>"; };
		27BD365929D4565700A548E6 /* Base */ = {isa = PBXFileReference; lastKnownFileType = file.storyboard; name = Base; path = Base.lproj/LaunchScreen.storyboard; sourceTree = "<group>"; };
		27BD365B29D4565700A548E6 /* Info.plist */ = {isa = PBXFileReference; lastKnownFileType = text.plist.xml; path = Info.plist; sourceTree = "<group>"; };
		27BD366129D458E300A548E6 /* README.md */ = {isa = PBXFileReference; lastKnownFileType = net.daringfireball.markdown; path = README.md; sourceTree = "<group>"; };
		27BD366329D459BC00A548E6 /* HomeViewController.swift */ = {isa = PBXFileReference; lastKnownFileType = sourcecode.swift; path = HomeViewController.swift; sourceTree = "<group>"; };
		27BD366529D459FA00A548E6 /* UpcomingViewController.swift */ = {isa = PBXFileReference; lastKnownFileType = sourcecode.swift; path = UpcomingViewController.swift; sourceTree = "<group>"; };
		27BD366729D45A2700A548E6 /* SearchViewController.swift */ = {isa = PBXFileReference; lastKnownFileType = sourcecode.swift; path = SearchViewController.swift; sourceTree = "<group>"; };
		27BD366B29D45B3200A548E6 /* DownloadsViewController.swift */ = {isa = PBXFileReference; lastKnownFileType = sourcecode.swift; path = DownloadsViewController.swift; sourceTree = "<group>"; };
		27BD366D29D47ED600A548E6 /* InlineConfigurable.swift */ = {isa = PBXFileReference; lastKnownFileType = sourcecode.swift; path = InlineConfigurable.swift; sourceTree = "<group>"; };
		27BD367729D502AB00A548E6 /* CollectionViewTableViewCell.swift */ = {isa = PBXFileReference; lastKnownFileType = sourcecode.swift; path = CollectionViewTableViewCell.swift; sourceTree = "<group>"; };
		27BD367929D508A000A548E6 /* HeroHeaderView.swift */ = {isa = PBXFileReference; lastKnownFileType = sourcecode.swift; path = HeroHeaderView.swift; sourceTree = "<group>"; };
/* End PBXFileReference section */

/* Begin PBXFrameworksBuildPhase section */
		27BD364729D4565500A548E6 /* Frameworks */ = {
			isa = PBXFrameworksBuildPhase;
			buildActionMask = 2147483647;
			files = (
			);
			runOnlyForDeploymentPostprocessing = 0;
		};
/* End PBXFrameworksBuildPhase section */

/* Begin PBXGroup section */
		27BD364129D4565500A548E6 = {
			isa = PBXGroup;
			children = (
				27BD366129D458E300A548E6 /* README.md */,
				27BD364C29D4565500A548E6 /* Netflix */,
				27BD364B29D4565500A548E6 /* Products */,
			);
			sourceTree = "<group>";
		};
		27BD364B29D4565500A548E6 /* Products */ = {
			isa = PBXGroup;
			children = (
				27BD364A29D4565500A548E6 /* Netflix.app */,
			);
			name = Products;
			sourceTree = "<group>";
		};
		27BD364C29D4565500A548E6 /* Netflix */ = {
			isa = PBXGroup;
			children = (
				27BD367629D5026A00A548E6 /* Managers */,
				27BD367529D5025F00A548E6 /* Resources */,
				27BD367129D501D900A548E6 /* App */,
				27BD367429D501EF00A548E6 /* Models */,
				27BD367329D501EA00A548E6 /* Views */,
				27BD367229D501E000A548E6 /* ViewModels */,
				27BD366229D4598F00A548E6 /* Controllers */,
				27BD367029D501CE00A548E6 /* Supporting Files */,
			);
			path = Netflix;
			sourceTree = "<group>";
		};
		27BD366229D4598F00A548E6 /* Controllers */ = {
			isa = PBXGroup;
			children = (
				27BD366F29D4846300A548E6 /* Home */,
				27BD366529D459FA00A548E6 /* UpcomingViewController.swift */,
				27BD366729D45A2700A548E6 /* SearchViewController.swift */,
				27BD366B29D45B3200A548E6 /* DownloadsViewController.swift */,
				27BD366D29D47ED600A548E6 /* InlineConfigurable.swift */,
			);
			path = Controllers;
			sourceTree = "<group>";
		};
		27BD366F29D4846300A548E6 /* Home */ = {
			isa = PBXGroup;
			children = (
				27BD366329D459BC00A548E6 /* HomeViewController.swift */,
			);
			path = Home;
			sourceTree = "<group>";
		};
		27BD367029D501CE00A548E6 /* Supporting Files */ = {
			isa = PBXGroup;
			children = (
				27BD365629D4565700A548E6 /* Assets.xcassets */,
				27BD365829D4565700A548E6 /* LaunchScreen.storyboard */,
				27BD365B29D4565700A548E6 /* Info.plist */,
			);
			name = "Supporting Files";
			sourceTree = "<group>";
		};
		27BD367129D501D900A548E6 /* App */ = {
			isa = PBXGroup;
			children = (
				27BD364D29D4565500A548E6 /* AppDelegate.swift */,
				27BD364F29D4565500A548E6 /* SceneDelegate.swift */,
				27BD365129D4565500A548E6 /* MainTabBarViewController.swift */,
			);
			path = App;
			sourceTree = "<group>";
		};
		27BD367229D501E000A548E6 /* ViewModels */ = {
			isa = PBXGroup;
			children = (
			);
			path = ViewModels;
			sourceTree = "<group>";
		};
		27BD367329D501EA00A548E6 /* Views */ = {
			isa = PBXGroup;
			children = (
				27BD367729D502AB00A548E6 /* CollectionViewTableViewCell.swift */,
				27BD367929D508A000A548E6 /* HeroHeaderView.swift */,
			);
			path = Views;
			sourceTree = "<group>";
		};
		27BD367429D501EF00A548E6 /* Models */ = {
			isa = PBXGroup;
			children = (
			);
			path = Models;
			sourceTree = "<group>";
		};
		27BD367529D5025F00A548E6 /* Resources */ = {
			isa = PBXGroup;
			children = (
			);
			path = Resources;
			sourceTree = "<group>";
		};
		27BD367629D5026A00A548E6 /* Managers */ = {
			isa = PBXGroup;
			children = (
			);
			path = Managers;
			sourceTree = "<group>";
		};
/* End PBXGroup section */

/* Begin PBXNativeTarget section */
		27BD364929D4565500A548E6 /* Netflix */ = {
			isa = PBXNativeTarget;
			buildConfigurationList = 27BD365E29D4565700A548E6 /* Build configuration list for PBXNativeTarget "Netflix" */;
			buildPhases = (
				27BD364629D4565500A548E6 /* Sources */,
				27BD364729D4565500A548E6 /* Frameworks */,
				27BD364829D4565500A548E6 /* Resources */,
			);
			buildRules = (
			);
			dependencies = (
			);
			name = Netflix;
			productName = Netflix;
			productReference = 27BD364A29D4565500A548E6 /* Netflix.app */;
			productType = "com.apple.product-type.application";
		};
/* End PBXNativeTarget section */

/* Begin PBXProject section */
		27BD364229D4565500A548E6 /* Project object */ = {
			isa = PBXProject;
			attributes = {
				BuildIndependentTargetsInParallel = 1;
				LastSwiftUpdateCheck = 1420;
				LastUpgradeCheck = 1420;
				TargetAttributes = {
					27BD364929D4565500A548E6 = {
						CreatedOnToolsVersion = 14.2;
					};
				};
			};
			buildConfigurationList = 27BD364529D4565500A548E6 /* Build configuration list for PBXProject "Netflix" */;
			compatibilityVersion = "Xcode 14.0";
			developmentRegion = en;
			hasScannedForEncodings = 0;
			knownRegions = (
				en,
				Base,
			);
			mainGroup = 27BD364129D4565500A548E6;
			productRefGroup = 27BD364B29D4565500A548E6 /* Products */;
			projectDirPath = "";
			projectRoot = "";
			targets = (
				27BD364929D4565500A548E6 /* Netflix */,
			);
		};
/* End PBXProject section */

/* Begin PBXResourcesBuildPhase section */
		27BD364829D4565500A548E6 /* Resources */ = {
			isa = PBXResourcesBuildPhase;
			buildActionMask = 2147483647;
			files = (
				27BD365A29D4565700A548E6 /* LaunchScreen.storyboard in Resources */,
				27BD365729D4565700A548E6 /* Assets.xcassets in Resources */,
			);
			runOnlyForDeploymentPostprocessing = 0;
		};
/* End PBXResourcesBuildPhase section */

/* Begin PBXSourcesBuildPhase section */
		27BD364629D4565500A548E6 /* Sources */ = {
			isa = PBXSourcesBuildPhase;
			buildActionMask = 2147483647;
			files = (
				27BD366829D45A2700A548E6 /* SearchViewController.swift in Sources */,
				27BD365229D4565500A548E6 /* MainTabBarViewController.swift in Sources */,
				27BD366C29D45B3200A548E6 /* DownloadsViewController.swift in Sources */,
				27BD366E29D47ED700A548E6 /* InlineConfigurable.swift in Sources */,
				27BD364E29D4565500A548E6 /* AppDelegate.swift in Sources */,
				27BD367A29D508A000A548E6 /* HeroHeaderView.swift in Sources */,
				27BD367829D502AB00A548E6 /* CollectionViewTableViewCell.swift in Sources */,
				27BD365029D4565500A548E6 /* SceneDelegate.swift in Sources */,
				27BD366629D459FA00A548E6 /* UpcomingViewController.swift in Sources */,
				27BD366429D459BC00A548E6 /* HomeViewController.swift in Sources */,
			);
			runOnlyForDeploymentPostprocessing = 0;
		};
/* End PBXSourcesBuildPhase section */

/* Begin PBXVariantGroup section */
		27BD365829D4565700A548E6 /* LaunchScreen.storyboard */ = {
			isa = PBXVariantGroup;
			children = (
				27BD365929D4565700A548E6 /* Base */,
			);
			name = LaunchScreen.storyboard;
			sourceTree = "<group>";
		};
/* End PBXVariantGroup section */

/* Begin XCBuildConfiguration section */
		27BD365C29D4565700A548E6 /* Debug */ = {
			isa = XCBuildConfiguration;
			buildSettings = {
				ALWAYS_SEARCH_USER_PATHS = NO;
				CLANG_ANALYZER_NONNULL = YES;
				CLANG_ANALYZER_NUMBER_OBJECT_CONVERSION = YES_AGGRESSIVE;
				CLANG_CXX_LANGUAGE_STANDARD = "gnu++20";
				CLANG_ENABLE_MODULES = YES;
				CLANG_ENABLE_OBJC_ARC = YES;
				CLANG_ENABLE_OBJC_WEAK = YES;
				CLANG_WARN_BLOCK_CAPTURE_AUTORELEASING = YES;
				CLANG_WARN_BOOL_CONVERSION = YES;
				CLANG_WARN_COMMA = YES;
				CLANG_WARN_CONSTANT_CONVERSION = YES;
				CLANG_WARN_DEPRECATED_OBJC_IMPLEMENTATIONS = YES;
				CLANG_WARN_DIRECT_OBJC_ISA_USAGE = YES_ERROR;
				CLANG_WARN_DOCUMENTATION_COMMENTS = YES;
				CLANG_WARN_EMPTY_BODY = YES;
				CLANG_WARN_ENUM_CONVERSION = YES;
				CLANG_WARN_INFINITE_RECURSION = YES;
				CLANG_WARN_INT_CONVERSION = YES;
				CLANG_WARN_NON_LITERAL_NULL_CONVERSION = YES;
				CLANG_WARN_OBJC_IMPLICIT_RETAIN_SELF = YES;
				CLANG_WARN_OBJC_LITERAL_CONVERSION = YES;
				CLANG_WARN_OBJC_ROOT_CLASS = YES_ERROR;
				CLANG_WARN_QUOTED_INCLUDE_IN_FRAMEWORK_HEADER = YES;
				CLANG_WARN_RANGE_LOOP_ANALYSIS = YES;
				CLANG_WARN_STRICT_PROTOTYPES = YES;
				CLANG_WARN_SUSPICIOUS_MOVE = YES;
				CLANG_WARN_UNGUARDED_AVAILABILITY = YES_AGGRESSIVE;
				CLANG_WARN_UNREACHABLE_CODE = YES;
				CLANG_WARN__DUPLICATE_METHOD_MATCH = YES;
				COPY_PHASE_STRIP = NO;
				DEBUG_INFORMATION_FORMAT = dwarf;
				ENABLE_STRICT_OBJC_MSGSEND = YES;
				ENABLE_TESTABILITY = YES;
				GCC_C_LANGUAGE_STANDARD = gnu11;
				GCC_DYNAMIC_NO_PIC = NO;
				GCC_NO_COMMON_BLOCKS = YES;
				GCC_OPTIMIZATION_LEVEL = 0;
				GCC_PREPROCESSOR_DEFINITIONS = (
					"DEBUG=1",
					"$(inherited)",
				);
				GCC_WARN_64_TO_32_BIT_CONVERSION = YES;
				GCC_WARN_ABOUT_RETURN_TYPE = YES_ERROR;
				GCC_WARN_UNDECLARED_SELECTOR = YES;
				GCC_WARN_UNINITIALIZED_AUTOS = YES_AGGRESSIVE;
				GCC_WARN_UNUSED_FUNCTION = YES;
				GCC_WARN_UNUSED_VARIABLE = YES;
				IPHONEOS_DEPLOYMENT_TARGET = 16.2;
				MTL_ENABLE_DEBUG_INFO = INCLUDE_SOURCE;
				MTL_FAST_MATH = YES;
				ONLY_ACTIVE_ARCH = YES;
				SDKROOT = iphoneos;
				SWIFT_ACTIVE_COMPILATION_CONDITIONS = DEBUG;
				SWIFT_OPTIMIZATION_LEVEL = "-Onone";
			};
			name = Debug;
		};
		27BD365D29D4565700A548E6 /* Release */ = {
			isa = XCBuildConfiguration;
			buildSettings = {
				ALWAYS_SEARCH_USER_PATHS = NO;
				CLANG_ANALYZER_NONNULL = YES;
				CLANG_ANALYZER_NUMBER_OBJECT_CONVERSION = YES_AGGRESSIVE;
				CLANG_CXX_LANGUAGE_STANDARD = "gnu++20";
				CLANG_ENABLE_MODULES = YES;
				CLANG_ENABLE_OBJC_ARC = YES;
				CLANG_ENABLE_OBJC_WEAK = YES;
				CLANG_WARN_BLOCK_CAPTURE_AUTORELEASING = YES;
				CLANG_WARN_BOOL_CONVERSION = YES;
				CLANG_WARN_COMMA = YES;
				CLANG_WARN_CONSTANT_CONVERSION = YES;
				CLANG_WARN_DEPRECATED_OBJC_IMPLEMENTATIONS = YES;
				CLANG_WARN_DIRECT_OBJC_ISA_USAGE = YES_ERROR;
				CLANG_WARN_DOCUMENTATION_COMMENTS = YES;
				CLANG_WARN_EMPTY_BODY = YES;
				CLANG_WARN_ENUM_CONVERSION = YES;
				CLANG_WARN_INFINITE_RECURSION = YES;
				CLANG_WARN_INT_CONVERSION = YES;
				CLANG_WARN_NON_LITERAL_NULL_CONVERSION = YES;
				CLANG_WARN_OBJC_IMPLICIT_RETAIN_SELF = YES;
				CLANG_WARN_OBJC_LITERAL_CONVERSION = YES;
				CLANG_WARN_OBJC_ROOT_CLASS = YES_ERROR;
				CLANG_WARN_QUOTED_INCLUDE_IN_FRAMEWORK_HEADER = YES;
				CLANG_WARN_RANGE_LOOP_ANALYSIS = YES;
				CLANG_WARN_STRICT_PROTOTYPES = YES;
				CLANG_WARN_SUSPICIOUS_MOVE = YES;
				CLANG_WARN_UNGUARDED_AVAILABILITY = YES_AGGRESSIVE;
				CLANG_WARN_UNREACHABLE_CODE = YES;
				CLANG_WARN__DUPLICATE_METHOD_MATCH = YES;
				COPY_PHASE_STRIP = NO;
				DEBUG_INFORMATION_FORMAT = "dwarf-with-dsym";
				ENABLE_NS_ASSERTIONS = NO;
				ENABLE_STRICT_OBJC_MSGSEND = YES;
				GCC_C_LANGUAGE_STANDARD = gnu11;
				GCC_NO_COMMON_BLOCKS = YES;
				GCC_WARN_64_TO_32_BIT_CONVERSION = YES;
				GCC_WARN_ABOUT_RETURN_TYPE = YES_ERROR;
				GCC_WARN_UNDECLARED_SELECTOR = YES;
				GCC_WARN_UNINITIALIZED_AUTOS = YES_AGGRESSIVE;
				GCC_WARN_UNUSED_FUNCTION = YES;
				GCC_WARN_UNUSED_VARIABLE = YES;
				IPHONEOS_DEPLOYMENT_TARGET = 16.2;
				MTL_ENABLE_DEBUG_INFO = NO;
				MTL_FAST_MATH = YES;
				SDKROOT = iphoneos;
				SWIFT_COMPILATION_MODE = wholemodule;
				SWIFT_OPTIMIZATION_LEVEL = "-O";
				VALIDATE_PRODUCT = YES;
			};
			name = Release;
		};
		27BD365F29D4565700A548E6 /* Debug */ = {
			isa = XCBuildConfiguration;
			buildSettings = {
				ASSETCATALOG_COMPILER_APPICON_NAME = AppIcon;
				ASSETCATALOG_COMPILER_GLOBAL_ACCENT_COLOR_NAME = AccentColor;
				CODE_SIGN_STYLE = Automatic;
				CURRENT_PROJECT_VERSION = 1;
				DEVELOPMENT_TEAM = 723HTEFHBA;
				GENERATE_INFOPLIST_FILE = YES;
				INFOPLIST_FILE = Netflix/Info.plist;
				INFOPLIST_KEY_UIApplicationSupportsIndirectInputEvents = YES;
				INFOPLIST_KEY_UILaunchStoryboardName = LaunchScreen;
				INFOPLIST_KEY_UISupportedInterfaceOrientations_iPad = "UIInterfaceOrientationPortrait UIInterfaceOrientationPortraitUpsideDown UIInterfaceOrientationLandscapeLeft UIInterfaceOrientationLandscapeRight";
				INFOPLIST_KEY_UISupportedInterfaceOrientations_iPhone = "UIInterfaceOrientationPortrait UIInterfaceOrientationLandscapeLeft UIInterfaceOrientationLandscapeRight";
				IPHONEOS_DEPLOYMENT_TARGET = 16.0;
				LD_RUNPATH_SEARCH_PATHS = (
					"$(inherited)",
					"@executable_path/Frameworks",
				);
				MARKETING_VERSION = 0.1.1;
				PRODUCT_BUNDLE_IDENTIFIER = ru.fibeapp.Netflix;
				PRODUCT_NAME = "$(TARGET_NAME)";
				SWIFT_EMIT_LOC_STRINGS = YES;
				SWIFT_VERSION = 5.0;
				TARGETED_DEVICE_FAMILY = "1,2";
			};
			name = Debug;
		};
		27BD366029D4565700A548E6 /* Release */ = {
			isa = XCBuildConfiguration;
			buildSettings = {
				ASSETCATALOG_COMPILER_APPICON_NAME = AppIcon;
				ASSETCATALOG_COMPILER_GLOBAL_ACCENT_COLOR_NAME = AccentColor;
				CODE_SIGN_STYLE = Automatic;
				CURRENT_PROJECT_VERSION = 1;
				DEVELOPMENT_TEAM = 723HTEFHBA;
				GENERATE_INFOPLIST_FILE = YES;
				INFOPLIST_FILE = Netflix/Info.plist;
				INFOPLIST_KEY_UIApplicationSupportsIndirectInputEvents = YES;
				INFOPLIST_KEY_UILaunchStoryboardName = LaunchScreen;
				INFOPLIST_KEY_UISupportedInterfaceOrientations_iPad = "UIInterfaceOrientationPortrait UIInterfaceOrientationPortraitUpsideDown UIInterfaceOrientationLandscapeLeft UIInterfaceOrientationLandscapeRight";
				INFOPLIST_KEY_UISupportedInterfaceOrientations_iPhone = "UIInterfaceOrientationPortrait UIInterfaceOrientationLandscapeLeft UIInterfaceOrientationLandscapeRight";
				IPHONEOS_DEPLOYMENT_TARGET = 16.0;
				LD_RUNPATH_SEARCH_PATHS = (
					"$(inherited)",
					"@executable_path/Frameworks",
				);
				MARKETING_VERSION = 0.1.1;
				PRODUCT_BUNDLE_IDENTIFIER = ru.fibeapp.Netflix;
				PRODUCT_NAME = "$(TARGET_NAME)";
				SWIFT_EMIT_LOC_STRINGS = YES;
				SWIFT_VERSION = 5.0;
				TARGETED_DEVICE_FAMILY = "1,2";
			};
			name = Release;
		};
/* End XCBuildConfiguration section */

/* Begin XCConfigurationList section */
		27BD364529D4565500A548E6 /* Build configuration list for PBXProject "Netflix" */ = {
			isa = XCConfigurationList;
			buildConfigurations = (
				27BD365C29D4565700A548E6 /* Debug */,
				27BD365D29D4565700A548E6 /* Release */,
			);
			defaultConfigurationIsVisible = 0;
			defaultConfigurationName = Release;
		};
		27BD365E29D4565700A548E6 /* Build configuration list for PBXNativeTarget "Netflix" */ = {
			isa = XCConfigurationList;
			buildConfigurations = (
				27BD365F29D4565700A548E6 /* Debug */,
				27BD366029D4565700A548E6 /* Release */,
			);
			defaultConfigurationIsVisible = 0;
			defaultConfigurationName = Release;
		};
/* End XCConfigurationList section */
	};
	rootObject = 27BD364229D4565500A548E6 /* Project object */;
}
